// !$*UTF8*$!
{
	archiveVersion = 1;
	classes = {
	};
	objectVersion = 56;
	objects = {

/* Begin PBXBuildFile section */
		4537B73628F54E1700F4C698 /* TestbedApp.swift in Sources */ = {isa = PBXBuildFile; fileRef = 4537B73528F54E1700F4C698 /* TestbedApp.swift */; };
		4537B73828F54E1700F4C698 /* ContentView.swift in Sources */ = {isa = PBXBuildFile; fileRef = 4537B73728F54E1700F4C698 /* ContentView.swift */; };
		4537B73A28F54E1700F4C698 /* Assets.xcassets in Resources */ = {isa = PBXBuildFile; fileRef = 4537B73928F54E1700F4C698 /* Assets.xcassets */; };
		4537B73D28F54E1700F4C698 /* Preview Assets.xcassets in Resources */ = {isa = PBXBuildFile; fileRef = 4537B73C28F54E1700F4C698 /* Preview Assets.xcassets */; };
		4537B74728F54E1700F4C698 /* TestbedTests.swift in Sources */ = {isa = PBXBuildFile; fileRef = 4537B74628F54E1700F4C698 /* TestbedTests.swift */; };
		4537B75128F54E1700F4C698 /* TestbedUITests.swift in Sources */ = {isa = PBXBuildFile; fileRef = 4537B75028F54E1700F4C698 /* TestbedUITests.swift */; };
		4537B75328F54E1700F4C698 /* TestbedUITestsLaunchTests.swift in Sources */ = {isa = PBXBuildFile; fileRef = 4537B75228F54E1700F4C698 /* TestbedUITestsLaunchTests.swift */; };
		4537B76128F54FB800F4C698 /* SnapKit in Frameworks */ = {isa = PBXBuildFile; productRef = 4537B76028F54FB800F4C698 /* SnapKit */; };
		4537B76428F54FD100F4C698 /* PanModal in Frameworks */ = {isa = PBXBuildFile; productRef = 4537B76328F54FD100F4C698 /* PanModal */; };
		45EF6DDB28F57BCD00CD5456 /* MyLibrary in Frameworks */ = {isa = PBXBuildFile; productRef = 45EF6DDA28F57BCD00CD5456 /* MyLibrary */; };
		7BBD8C84193D23034CE7545E /* libPods-Testbed.a in Frameworks */ = {isa = PBXBuildFile; fileRef = 85ED1F406A83AB9C6B05B372 /* libPods-Testbed.a */; };
/* End PBXBuildFile section */

/* Begin PBXContainerItemProxy section */
		4537B74328F54E1700F4C698 /* PBXContainerItemProxy */ = {
			isa = PBXContainerItemProxy;
			containerPortal = 4537B72A28F54E1600F4C698 /* Project object */;
			proxyType = 1;
			remoteGlobalIDString = 4537B73128F54E1700F4C698;
			remoteInfo = Testbed;
		};
		4537B74D28F54E1700F4C698 /* PBXContainerItemProxy */ = {
			isa = PBXContainerItemProxy;
			containerPortal = 4537B72A28F54E1600F4C698 /* Project object */;
			proxyType = 1;
			remoteGlobalIDString = 4537B73128F54E1700F4C698;
			remoteInfo = Testbed;
		};
/* End PBXContainerItemProxy section */

/* Begin PBXFileReference section */
		0F222D9906A58B8233AE14CA /* Pods-Testbed.debug.xcconfig */ = {isa = PBXFileReference; includeInIndex = 1; lastKnownFileType = text.xcconfig; name = "Pods-Testbed.debug.xcconfig"; path = "Target Support Files/Pods-Testbed/Pods-Testbed.debug.xcconfig"; sourceTree = "<group>"; };
		4537B73228F54E1700F4C698 /* Testbed.app */ = {isa = PBXFileReference; explicitFileType = wrapper.application; includeInIndex = 0; path = Testbed.app; sourceTree = BUILT_PRODUCTS_DIR; };
		4537B73528F54E1700F4C698 /* TestbedApp.swift */ = {isa = PBXFileReference; lastKnownFileType = sourcecode.swift; path = TestbedApp.swift; sourceTree = "<group>"; };
		4537B73728F54E1700F4C698 /* ContentView.swift */ = {isa = PBXFileReference; lastKnownFileType = sourcecode.swift; path = ContentView.swift; sourceTree = "<group>"; };
		4537B73928F54E1700F4C698 /* Assets.xcassets */ = {isa = PBXFileReference; lastKnownFileType = folder.assetcatalog; path = Assets.xcassets; sourceTree = "<group>"; };
		4537B73C28F54E1700F4C698 /* Preview Assets.xcassets */ = {isa = PBXFileReference; lastKnownFileType = folder.assetcatalog; path = "Preview Assets.xcassets"; sourceTree = "<group>"; };
		4537B74228F54E1700F4C698 /* TestbedTests.xctest */ = {isa = PBXFileReference; explicitFileType = wrapper.cfbundle; includeInIndex = 0; path = TestbedTests.xctest; sourceTree = BUILT_PRODUCTS_DIR; };
		4537B74628F54E1700F4C698 /* TestbedTests.swift */ = {isa = PBXFileReference; lastKnownFileType = sourcecode.swift; path = TestbedTests.swift; sourceTree = "<group>"; };
		4537B74C28F54E1700F4C698 /* TestbedUITests.xctest */ = {isa = PBXFileReference; explicitFileType = wrapper.cfbundle; includeInIndex = 0; path = TestbedUITests.xctest; sourceTree = BUILT_PRODUCTS_DIR; };
		4537B75028F54E1700F4C698 /* TestbedUITests.swift */ = {isa = PBXFileReference; lastKnownFileType = sourcecode.swift; path = TestbedUITests.swift; sourceTree = "<group>"; };
		4537B75228F54E1700F4C698 /* TestbedUITestsLaunchTests.swift */ = {isa = PBXFileReference; lastKnownFileType = sourcecode.swift; path = TestbedUITestsLaunchTests.swift; sourceTree = "<group>"; };
		45EF6DD928F57BBC00CD5456 /* MyLibrary */ = {isa = PBXFileReference; lastKnownFileType = wrapper; path = MyLibrary; sourceTree = "<group>"; };
		85ED1F406A83AB9C6B05B372 /* libPods-Testbed.a */ = {isa = PBXFileReference; explicitFileType = archive.ar; includeInIndex = 0; path = "libPods-Testbed.a"; sourceTree = BUILT_PRODUCTS_DIR; };
		E03BFFF504B1507CAA6241A4 /* Pods-Testbed.release.xcconfig */ = {isa = PBXFileReference; includeInIndex = 1; lastKnownFileType = text.xcconfig; name = "Pods-Testbed.release.xcconfig"; path = "Target Support Files/Pods-Testbed/Pods-Testbed.release.xcconfig"; sourceTree = "<group>"; };
/* End PBXFileReference section */

/* Begin PBXFrameworksBuildPhase section */
		4537B72F28F54E1700F4C698 /* Frameworks */ = {
			isa = PBXFrameworksBuildPhase;
			buildActionMask = 2147483647;
			files = (
				45EF6DDB28F57BCD00CD5456 /* MyLibrary in Frameworks */,
				7BBD8C84193D23034CE7545E /* libPods-Testbed.a in Frameworks */,
				4537B76128F54FB800F4C698 /* SnapKit in Frameworks */,
				4537B76428F54FD100F4C698 /* PanModal in Frameworks */,
			);
			runOnlyForDeploymentPostprocessing = 0;
		};
		4537B73F28F54E1700F4C698 /* Frameworks */ = {
			isa = PBXFrameworksBuildPhase;
			buildActionMask = 2147483647;
			files = (
			);
			runOnlyForDeploymentPostprocessing = 0;
		};
		4537B74928F54E1700F4C698 /* Frameworks */ = {
			isa = PBXFrameworksBuildPhase;
			buildActionMask = 2147483647;
			files = (
			);
			runOnlyForDeploymentPostprocessing = 0;
		};
/* End PBXFrameworksBuildPhase section */

/* Begin PBXGroup section */
		1E13EBFF87806C8667DDF12E /* Pods */ = {
			isa = PBXGroup;
			children = (
				0F222D9906A58B8233AE14CA /* Pods-Testbed.debug.xcconfig */,
				E03BFFF504B1507CAA6241A4 /* Pods-Testbed.release.xcconfig */,
			);
			path = Pods;
			sourceTree = "<group>";
		};
		4537B72928F54E1600F4C698 = {
			isa = PBXGroup;
			children = (
				45EF6DD828F57BBC00CD5456 /* Packages */,
				4537B73428F54E1700F4C698 /* Testbed */,
				4537B74528F54E1700F4C698 /* TestbedTests */,
				4537B74F28F54E1700F4C698 /* TestbedUITests */,
				4537B73328F54E1700F4C698 /* Products */,
				1E13EBFF87806C8667DDF12E /* Pods */,
				87392459262F2E44ADD9C050 /* Frameworks */,
			);
			sourceTree = "<group>";
		};
		4537B73328F54E1700F4C698 /* Products */ = {
			isa = PBXGroup;
			children = (
				4537B73228F54E1700F4C698 /* Testbed.app */,
				4537B74228F54E1700F4C698 /* TestbedTests.xctest */,
				4537B74C28F54E1700F4C698 /* TestbedUITests.xctest */,
			);
			name = Products;
			sourceTree = "<group>";
		};
		4537B73428F54E1700F4C698 /* Testbed */ = {
			isa = PBXGroup;
			children = (
				4537B73528F54E1700F4C698 /* TestbedApp.swift */,
				4537B73728F54E1700F4C698 /* ContentView.swift */,
				4537B73928F54E1700F4C698 /* Assets.xcassets */,
				4537B73B28F54E1700F4C698 /* Preview Content */,
			);
			path = Testbed;
			sourceTree = "<group>";
		};
		4537B73B28F54E1700F4C698 /* Preview Content */ = {
			isa = PBXGroup;
			children = (
				4537B73C28F54E1700F4C698 /* Preview Assets.xcassets */,
			);
			path = "Preview Content";
			sourceTree = "<group>";
		};
		4537B74528F54E1700F4C698 /* TestbedTests */ = {
			isa = PBXGroup;
			children = (
				4537B74628F54E1700F4C698 /* TestbedTests.swift */,
			);
			path = TestbedTests;
			sourceTree = "<group>";
		};
		4537B74F28F54E1700F4C698 /* TestbedUITests */ = {
			isa = PBXGroup;
			children = (
				4537B75028F54E1700F4C698 /* TestbedUITests.swift */,
				4537B75228F54E1700F4C698 /* TestbedUITestsLaunchTests.swift */,
			);
			path = TestbedUITests;
			sourceTree = "<group>";
		};
		45EF6DD828F57BBC00CD5456 /* Packages */ = {
			isa = PBXGroup;
			children = (
				45EF6DD928F57BBC00CD5456 /* MyLibrary */,
			);
			name = Packages;
			sourceTree = "<group>";
		};
		87392459262F2E44ADD9C050 /* Frameworks */ = {
			isa = PBXGroup;
			children = (
				85ED1F406A83AB9C6B05B372 /* libPods-Testbed.a */,
			);
			name = Frameworks;
			sourceTree = "<group>";
		};
/* End PBXGroup section */

/* Begin PBXNativeTarget section */
		4537B73128F54E1700F4C698 /* Testbed */ = {
			isa = PBXNativeTarget;
			buildConfigurationList = 4537B75628F54E1700F4C698 /* Build configuration list for PBXNativeTarget "Testbed" */;
			buildPhases = (
				BADB57EF48FE302368AC0E4A /* [CP] Check Pods Manifest.lock */,
				4537B72E28F54E1700F4C698 /* Sources */,
				4537B72F28F54E1700F4C698 /* Frameworks */,
				4537B73028F54E1700F4C698 /* Resources */,
			);
			buildRules = (
			);
			dependencies = (
			);
			name = Testbed;
			packageProductDependencies = (
				4537B76028F54FB800F4C698 /* SnapKit */,
				4537B76328F54FD100F4C698 /* PanModal */,
				45EF6DDA28F57BCD00CD5456 /* MyLibrary */,
			);
			productName = Testbed;
			productReference = 4537B73228F54E1700F4C698 /* Testbed.app */;
			productType = "com.apple.product-type.application";
		};
		4537B74128F54E1700F4C698 /* TestbedTests */ = {
			isa = PBXNativeTarget;
			buildConfigurationList = 4537B75928F54E1700F4C698 /* Build configuration list for PBXNativeTarget "TestbedTests" */;
			buildPhases = (
				4537B73E28F54E1700F4C698 /* Sources */,
				4537B73F28F54E1700F4C698 /* Frameworks */,
				4537B74028F54E1700F4C698 /* Resources */,
			);
			buildRules = (
			);
			dependencies = (
				4537B74428F54E1700F4C698 /* PBXTargetDependency */,
			);
			name = TestbedTests;
			productName = TestbedTests;
			productReference = 4537B74228F54E1700F4C698 /* TestbedTests.xctest */;
			productType = "com.apple.product-type.bundle.unit-test";
		};
		4537B74B28F54E1700F4C698 /* TestbedUITests */ = {
			isa = PBXNativeTarget;
			buildConfigurationList = 4537B75C28F54E1700F4C698 /* Build configuration list for PBXNativeTarget "TestbedUITests" */;
			buildPhases = (
				4537B74828F54E1700F4C698 /* Sources */,
				4537B74928F54E1700F4C698 /* Frameworks */,
				4537B74A28F54E1700F4C698 /* Resources */,
			);
			buildRules = (
			);
			dependencies = (
				4537B74E28F54E1700F4C698 /* PBXTargetDependency */,
			);
			name = TestbedUITests;
			productName = TestbedUITests;
			productReference = 4537B74C28F54E1700F4C698 /* TestbedUITests.xctest */;
			productType = "com.apple.product-type.bundle.ui-testing";
		};
/* End PBXNativeTarget section */

/* Begin PBXProject section */
		4537B72A28F54E1600F4C698 /* Project object */ = {
			isa = PBXProject;
			attributes = {
				BuildIndependentTargetsInParallel = 1;
				LastSwiftUpdateCheck = 1400;
				LastUpgradeCheck = 1400;
				TargetAttributes = {
					4537B73128F54E1700F4C698 = {
						CreatedOnToolsVersion = 14.0.1;
					};
					4537B74128F54E1700F4C698 = {
						CreatedOnToolsVersion = 14.0.1;
						TestTargetID = 4537B73128F54E1700F4C698;
					};
					4537B74B28F54E1700F4C698 = {
						CreatedOnToolsVersion = 14.0.1;
						TestTargetID = 4537B73128F54E1700F4C698;
					};
				};
			};
			buildConfigurationList = 4537B72D28F54E1600F4C698 /* Build configuration list for PBXProject "Testbed" */;
			compatibilityVersion = "Xcode 14.0";
			developmentRegion = en;
			hasScannedForEncodings = 0;
			knownRegions = (
				en,
				Base,
			);
			mainGroup = 4537B72928F54E1600F4C698;
			packageReferences = (
				4537B75F28F54FB800F4C698 /* XCRemoteSwiftPackageReference "SnapKit" */,
				4537B76228F54FD100F4C698 /* XCRemoteSwiftPackageReference "PanModal" */,
			);
			productRefGroup = 4537B73328F54E1700F4C698 /* Products */;
			projectDirPath = "";
			projectRoot = "";
			targets = (
				4537B73128F54E1700F4C698 /* Testbed */,
				4537B74128F54E1700F4C698 /* TestbedTests */,
				4537B74B28F54E1700F4C698 /* TestbedUITests */,
			);
		};
/* End PBXProject section */

/* Begin PBXResourcesBuildPhase section */
		4537B73028F54E1700F4C698 /* Resources */ = {
			isa = PBXResourcesBuildPhase;
			buildActionMask = 2147483647;
			files = (
				4537B73D28F54E1700F4C698 /* Preview Assets.xcassets in Resources */,
				4537B73A28F54E1700F4C698 /* Assets.xcassets in Resources */,
			);
			runOnlyForDeploymentPostprocessing = 0;
		};
		4537B74028F54E1700F4C698 /* Resources */ = {
			isa = PBXResourcesBuildPhase;
			buildActionMask = 2147483647;
			files = (
			);
			runOnlyForDeploymentPostprocessing = 0;
		};
		4537B74A28F54E1700F4C698 /* Resources */ = {
			isa = PBXResourcesBuildPhase;
			buildActionMask = 2147483647;
			files = (
			);
			runOnlyForDeploymentPostprocessing = 0;
		};
/* End PBXResourcesBuildPhase section */

/* Begin PBXShellScriptBuildPhase section */
		BADB57EF48FE302368AC0E4A /* [CP] Check Pods Manifest.lock */ = {
			isa = PBXShellScriptBuildPhase;
			buildActionMask = 2147483647;
			files = (
			);
			inputFileListPaths = (
			);
			inputPaths = (
				"${PODS_PODFILE_DIR_PATH}/Podfile.lock",
				"${PODS_ROOT}/Manifest.lock",
			);
			name = "[CP] Check Pods Manifest.lock";
			outputFileListPaths = (
			);
			outputPaths = (
				"$(DERIVED_FILE_DIR)/Pods-Testbed-checkManifestLockResult.txt",
			);
			runOnlyForDeploymentPostprocessing = 0;
			shellPath = /bin/sh;
			shellScript = "diff \"${PODS_PODFILE_DIR_PATH}/Podfile.lock\" \"${PODS_ROOT}/Manifest.lock\" > /dev/null\nif [ $? != 0 ] ; then\n    # print error to STDERR\n    echo \"error: The sandbox is not in sync with the Podfile.lock. Run 'pod install' or update your CocoaPods installation.\" >&2\n    exit 1\nfi\n# This output is used by Xcode 'outputs' to avoid re-running this script phase.\necho \"SUCCESS\" > \"${SCRIPT_OUTPUT_FILE_0}\"\n";
			showEnvVarsInLog = 0;
		};
/* End PBXShellScriptBuildPhase section */

/* Begin PBXSourcesBuildPhase section */
		4537B72E28F54E1700F4C698 /* Sources */ = {
			isa = PBXSourcesBuildPhase;
			buildActionMask = 2147483647;
			files = (
				4537B73828F54E1700F4C698 /* ContentView.swift in Sources */,
				4537B73628F54E1700F4C698 /* TestbedApp.swift in Sources */,
			);
			runOnlyForDeploymentPostprocessing = 0;
		};
		4537B73E28F54E1700F4C698 /* Sources */ = {
			isa = PBXSourcesBuildPhase;
			buildActionMask = 2147483647;
			files = (
				4537B74728F54E1700F4C698 /* TestbedTests.swift in Sources */,
			);
			runOnlyForDeploymentPostprocessing = 0;
		};
		4537B74828F54E1700F4C698 /* Sources */ = {
			isa = PBXSourcesBuildPhase;
			buildActionMask = 2147483647;
			files = (
				4537B75328F54E1700F4C698 /* TestbedUITestsLaunchTests.swift in Sources */,
				4537B75128F54E1700F4C698 /* TestbedUITests.swift in Sources */,
			);
			runOnlyForDeploymentPostprocessing = 0;
		};
/* End PBXSourcesBuildPhase section */

/* Begin PBXTargetDependency section */
		4537B74428F54E1700F4C698 /* PBXTargetDependency */ = {
			isa = PBXTargetDependency;
			target = 4537B73128F54E1700F4C698 /* Testbed */;
			targetProxy = 4537B74328F54E1700F4C698 /* PBXContainerItemProxy */;
		};
		4537B74E28F54E1700F4C698 /* PBXTargetDependency */ = {
			isa = PBXTargetDependency;
			target = 4537B73128F54E1700F4C698 /* Testbed */;
			targetProxy = 4537B74D28F54E1700F4C698 /* PBXContainerItemProxy */;
		};
/* End PBXTargetDependency section */

/* Begin XCBuildConfiguration section */
		4537B75428F54E1700F4C698 /* Debug */ = {
			isa = XCBuildConfiguration;
			buildSettings = {
				ALWAYS_SEARCH_USER_PATHS = NO;
				CLANG_ANALYZER_NONNULL = YES;
				CLANG_ANALYZER_NUMBER_OBJECT_CONVERSION = YES_AGGRESSIVE;
				CLANG_CXX_LANGUAGE_STANDARD = "gnu++20";
				CLANG_ENABLE_MODULES = YES;
				CLANG_ENABLE_OBJC_ARC = YES;
				CLANG_ENABLE_OBJC_WEAK = YES;
				CLANG_WARN_BLOCK_CAPTURE_AUTORELEASING = YES;
				CLANG_WARN_BOOL_CONVERSION = YES;
				CLANG_WARN_COMMA = YES;
				CLANG_WARN_CONSTANT_CONVERSION = YES;
				CLANG_WARN_DEPRECATED_OBJC_IMPLEMENTATIONS = YES;
				CLANG_WARN_DIRECT_OBJC_ISA_USAGE = YES_ERROR;
				CLANG_WARN_DOCUMENTATION_COMMENTS = YES;
				CLANG_WARN_EMPTY_BODY = YES;
				CLANG_WARN_ENUM_CONVERSION = YES;
				CLANG_WARN_INFINITE_RECURSION = YES;
				CLANG_WARN_INT_CONVERSION = YES;
				CLANG_WARN_NON_LITERAL_NULL_CONVERSION = YES;
				CLANG_WARN_OBJC_IMPLICIT_RETAIN_SELF = YES;
				CLANG_WARN_OBJC_LITERAL_CONVERSION = YES;
				CLANG_WARN_OBJC_ROOT_CLASS = YES_ERROR;
				CLANG_WARN_QUOTED_INCLUDE_IN_FRAMEWORK_HEADER = YES;
				CLANG_WARN_RANGE_LOOP_ANALYSIS = YES;
				CLANG_WARN_STRICT_PROTOTYPES = YES;
				CLANG_WARN_SUSPICIOUS_MOVE = YES;
				CLANG_WARN_UNGUARDED_AVAILABILITY = YES_AGGRESSIVE;
				CLANG_WARN_UNREACHABLE_CODE = YES;
				CLANG_WARN__DUPLICATE_METHOD_MATCH = YES;
				COPY_PHASE_STRIP = NO;
				DEBUG_INFORMATION_FORMAT = dwarf;
				ENABLE_STRICT_OBJC_MSGSEND = YES;
				ENABLE_TESTABILITY = YES;
				GCC_C_LANGUAGE_STANDARD = gnu11;
				GCC_DYNAMIC_NO_PIC = NO;
				GCC_NO_COMMON_BLOCKS = YES;
				GCC_OPTIMIZATION_LEVEL = 0;
				GCC_PREPROCESSOR_DEFINITIONS = (
					"DEBUG=1",
					"$(inherited)",
				);
				GCC_WARN_64_TO_32_BIT_CONVERSION = YES;
				GCC_WARN_ABOUT_RETURN_TYPE = YES_ERROR;
				GCC_WARN_UNDECLARED_SELECTOR = YES;
				GCC_WARN_UNINITIALIZED_AUTOS = YES_AGGRESSIVE;
				GCC_WARN_UNUSED_FUNCTION = YES;
				GCC_WARN_UNUSED_VARIABLE = YES;
				IPHONEOS_DEPLOYMENT_TARGET = 16.0;
				MTL_ENABLE_DEBUG_INFO = INCLUDE_SOURCE;
				MTL_FAST_MATH = YES;
				ONLY_ACTIVE_ARCH = YES;
				SDKROOT = iphoneos;
				SWIFT_ACTIVE_COMPILATION_CONDITIONS = DEBUG;
				SWIFT_OPTIMIZATION_LEVEL = "-Onone";
			};
			name = Debug;
		};
		4537B75528F54E1700F4C698 /* Release */ = {
			isa = XCBuildConfiguration;
			buildSettings = {
				ALWAYS_SEARCH_USER_PATHS = NO;
				CLANG_ANALYZER_NONNULL = YES;
				CLANG_ANALYZER_NUMBER_OBJECT_CONVERSION = YES_AGGRESSIVE;
				CLANG_CXX_LANGUAGE_STANDARD = "gnu++20";
				CLANG_ENABLE_MODULES = YES;
				CLANG_ENABLE_OBJC_ARC = YES;
				CLANG_ENABLE_OBJC_WEAK = YES;
				CLANG_WARN_BLOCK_CAPTURE_AUTORELEASING = YES;
				CLANG_WARN_BOOL_CONVERSION = YES;
				CLANG_WARN_COMMA = YES;
				CLANG_WARN_CONSTANT_CONVERSION = YES;
				CLANG_WARN_DEPRECATED_OBJC_IMPLEMENTATIONS = YES;
				CLANG_WARN_DIRECT_OBJC_ISA_USAGE = YES_ERROR;
				CLANG_WARN_DOCUMENTATION_COMMENTS = YES;
				CLANG_WARN_EMPTY_BODY = YES;
				CLANG_WARN_ENUM_CONVERSION = YES;
				CLANG_WARN_INFINITE_RECURSION = YES;
				CLANG_WARN_INT_CONVERSION = YES;
				CLANG_WARN_NON_LITERAL_NULL_CONVERSION = YES;
				CLANG_WARN_OBJC_IMPLICIT_RETAIN_SELF = YES;
				CLANG_WARN_OBJC_LITERAL_CONVERSION = YES;
				CLANG_WARN_OBJC_ROOT_CLASS = YES_ERROR;
				CLANG_WARN_QUOTED_INCLUDE_IN_FRAMEWORK_HEADER = YES;
				CLANG_WARN_RANGE_LOOP_ANALYSIS = YES;
				CLANG_WARN_STRICT_PROTOTYPES = YES;
				CLANG_WARN_SUSPICIOUS_MOVE = YES;
				CLANG_WARN_UNGUARDED_AVAILABILITY = YES_AGGRESSIVE;
				CLANG_WARN_UNREACHABLE_CODE = YES;
				CLANG_WARN__DUPLICATE_METHOD_MATCH = YES;
				COPY_PHASE_STRIP = NO;
				DEBUG_INFORMATION_FORMAT = "dwarf-with-dsym";
				ENABLE_NS_ASSERTIONS = NO;
				ENABLE_STRICT_OBJC_MSGSEND = YES;
				GCC_C_LANGUAGE_STANDARD = gnu11;
				GCC_NO_COMMON_BLOCKS = YES;
				GCC_WARN_64_TO_32_BIT_CONVERSION = YES;
				GCC_WARN_ABOUT_RETURN_TYPE = YES_ERROR;
				GCC_WARN_UNDECLARED_SELECTOR = YES;
				GCC_WARN_UNINITIALIZED_AUTOS = YES_AGGRESSIVE;
				GCC_WARN_UNUSED_FUNCTION = YES;
				GCC_WARN_UNUSED_VARIABLE = YES;
				IPHONEOS_DEPLOYMENT_TARGET = 16.0;
				MTL_ENABLE_DEBUG_INFO = NO;
				MTL_FAST_MATH = YES;
				SDKROOT = iphoneos;
				SWIFT_COMPILATION_MODE = wholemodule;
				SWIFT_OPTIMIZATION_LEVEL = "-O";
				VALIDATE_PRODUCT = YES;
			};
			name = Release;
		};
		4537B75728F54E1700F4C698 /* Debug */ = {
			isa = XCBuildConfiguration;
			baseConfigurationReference = 0F222D9906A58B8233AE14CA /* Pods-Testbed.debug.xcconfig */;
			buildSettings = {
				ASSETCATALOG_COMPILER_APPICON_NAME = AppIcon;
				ASSETCATALOG_COMPILER_GLOBAL_ACCENT_COLOR_NAME = AccentColor;
				CODE_SIGN_IDENTITY = "Apple Development";
				"CODE_SIGN_IDENTITY[sdk=iphoneos*]" = "iPhone Distribution";
				CODE_SIGN_STYLE = Manual;
				CURRENT_PROJECT_VERSION = 1;
				DEVELOPMENT_ASSET_PATHS = "\"Testbed/Preview Content\"";
				DEVELOPMENT_TEAM = "";
				"DEVELOPMENT_TEAM[sdk=iphoneos*]" = 8U2Z24R99J;
				ENABLE_PREVIEWS = YES;
				GENERATE_INFOPLIST_FILE = YES;
				INFOPLIST_KEY_UIApplicationSceneManifest_Generation = YES;
				INFOPLIST_KEY_UIApplicationSupportsIndirectInputEvents = YES;
				INFOPLIST_KEY_UILaunchScreen_Generation = YES;
				INFOPLIST_KEY_UISupportedInterfaceOrientations_iPad = "UIInterfaceOrientationPortrait UIInterfaceOrientationPortraitUpsideDown UIInterfaceOrientationLandscapeLeft UIInterfaceOrientationLandscapeRight";
				INFOPLIST_KEY_UISupportedInterfaceOrientations_iPhone = "UIInterfaceOrientationPortrait UIInterfaceOrientationLandscapeLeft UIInterfaceOrientationLandscapeRight";
				LD_RUNPATH_SEARCH_PATHS = (
					"$(inherited)",
					"@executable_path/Frameworks",
				);
				MARKETING_VERSION = 1.0;
				PRODUCT_BUNDLE_IDENTIFIER = io.appcircle.dashboard;
				PRODUCT_NAME = "$(TARGET_NAME)";
				PROVISIONING_PROFILE_SPECIFIER = "";
				"PROVISIONING_PROFILE_SPECIFIER[sdk=iphoneos*]" = "Dashboard App Distribution";
				SUPPORTED_PLATFORMS = "iphoneos iphonesimulator";
				SUPPORTS_MACCATALYST = NO;
				SUPPORTS_MAC_DESIGNED_FOR_IPHONE_IPAD = NO;
				SWIFT_EMIT_LOC_STRINGS = YES;
				SWIFT_VERSION = 5.0;
				TARGETED_DEVICE_FAMILY = "1,2";
			};
			name = Debug;
		};
		4537B75828F54E1700F4C698 /* Release */ = {
			isa = XCBuildConfiguration;
			baseConfigurationReference = E03BFFF504B1507CAA6241A4 /* Pods-Testbed.release.xcconfig */;
			buildSettings = {
				ASSETCATALOG_COMPILER_APPICON_NAME = AppIcon;
				ASSETCATALOG_COMPILER_GLOBAL_ACCENT_COLOR_NAME = AccentColor;
				CODE_SIGN_IDENTITY = "Apple Development";
				"CODE_SIGN_IDENTITY[sdk=iphoneos*]" = "iPhone Distribution";
				CODE_SIGN_STYLE = Manual;
				CURRENT_PROJECT_VERSION = 1;
				DEVELOPMENT_ASSET_PATHS = "\"Testbed/Preview Content\"";
				DEVELOPMENT_TEAM = "";
				"DEVELOPMENT_TEAM[sdk=iphoneos*]" = 8U2Z24R99J;
				ENABLE_PREVIEWS = YES;
				GENERATE_INFOPLIST_FILE = YES;
				INFOPLIST_KEY_UIApplicationSceneManifest_Generation = YES;
				INFOPLIST_KEY_UIApplicationSupportsIndirectInputEvents = YES;
				INFOPLIST_KEY_UILaunchScreen_Generation = YES;
				INFOPLIST_KEY_UISupportedInterfaceOrientations_iPad = "UIInterfaceOrientationPortrait UIInterfaceOrientationPortraitUpsideDown UIInterfaceOrientationLandscapeLeft UIInterfaceOrientationLandscapeRight";
				INFOPLIST_KEY_UISupportedInterfaceOrientations_iPhone = "UIInterfaceOrientationPortrait UIInterfaceOrientationLandscapeLeft UIInterfaceOrientationLandscapeRight";
				LD_RUNPATH_SEARCH_PATHS = (
					"$(inherited)",
					"@executable_path/Frameworks",
				);
				MARKETING_VERSION = 1.0;
				PRODUCT_BUNDLE_IDENTIFIER = io.appcircle.dashboard;
				PRODUCT_NAME = "$(TARGET_NAME)";
				PROVISIONING_PROFILE_SPECIFIER = "";
				"PROVISIONING_PROFILE_SPECIFIER[sdk=iphoneos*]" = "Dashboard App Distribution";
				SUPPORTED_PLATFORMS = "iphoneos iphonesimulator";
				SUPPORTS_MACCATALYST = NO;
				SUPPORTS_MAC_DESIGNED_FOR_IPHONE_IPAD = NO;
				SWIFT_EMIT_LOC_STRINGS = YES;
				SWIFT_VERSION = 5.0;
				TARGETED_DEVICE_FAMILY = "1,2";
			};
			name = Release;
		};
		4537B75A28F54E1700F4C698 /* Debug */ = {
			isa = XCBuildConfiguration;
			buildSettings = {
				ALWAYS_EMBED_SWIFT_STANDARD_LIBRARIES = YES;
				BUNDLE_LOADER = "$(TEST_HOST)";
				CODE_SIGN_STYLE = Automatic;
				CURRENT_PROJECT_VERSION = 1;
				GENERATE_INFOPLIST_FILE = YES;
				IPHONEOS_DEPLOYMENT_TARGET = 16.0;
				MARKETING_VERSION = 1.0;
				PRODUCT_BUNDLE_IDENTIFIER = org.company.TestbedTests;
				PRODUCT_NAME = "$(TARGET_NAME)";
				SUPPORTED_PLATFORMS = "iphoneos iphonesimulator";
				SUPPORTS_MACCATALYST = NO;
				SUPPORTS_MAC_DESIGNED_FOR_IPHONE_IPAD = NO;
				SWIFT_EMIT_LOC_STRINGS = NO;
				SWIFT_VERSION = 5.0;
				TARGETED_DEVICE_FAMILY = "1,2";
				TEST_HOST = "$(BUILT_PRODUCTS_DIR)/Testbed.app/$(BUNDLE_EXECUTABLE_FOLDER_PATH)/Testbed";
			};
			name = Debug;
		};
		4537B75B28F54E1700F4C698 /* Release */ = {
			isa = XCBuildConfiguration;
			buildSettings = {
				ALWAYS_EMBED_SWIFT_STANDARD_LIBRARIES = YES;
				BUNDLE_LOADER = "$(TEST_HOST)";
				CODE_SIGN_STYLE = Automatic;
				CURRENT_PROJECT_VERSION = 1;
				GENERATE_INFOPLIST_FILE = YES;
				IPHONEOS_DEPLOYMENT_TARGET = 16.0;
				MARKETING_VERSION = 1.0;
				PRODUCT_BUNDLE_IDENTIFIER = org.company.TestbedTests;
				PRODUCT_NAME = "$(TARGET_NAME)";
				SUPPORTED_PLATFORMS = "iphoneos iphonesimulator";
				SUPPORTS_MACCATALYST = NO;
				SUPPORTS_MAC_DESIGNED_FOR_IPHONE_IPAD = NO;
				SWIFT_EMIT_LOC_STRINGS = NO;
				SWIFT_VERSION = 5.0;
				TARGETED_DEVICE_FAMILY = "1,2";
				TEST_HOST = "$(BUILT_PRODUCTS_DIR)/Testbed.app/$(BUNDLE_EXECUTABLE_FOLDER_PATH)/Testbed";
			};
			name = Release;
		};
		4537B75D28F54E1700F4C698 /* Debug */ = {
			isa = XCBuildConfiguration;
			buildSettings = {
				ALWAYS_EMBED_SWIFT_STANDARD_LIBRARIES = YES;
				CODE_SIGN_STYLE = Automatic;
				CURRENT_PROJECT_VERSION = 1;
				GENERATE_INFOPLIST_FILE = YES;
				MARKETING_VERSION = 1.0;
				PRODUCT_BUNDLE_IDENTIFIER = org.company.TestbedUITests;
				PRODUCT_NAME = "$(TARGET_NAME)";
				SUPPORTED_PLATFORMS = "iphoneos iphonesimulator";
				SUPPORTS_MACCATALYST = NO;
				SUPPORTS_MAC_DESIGNED_FOR_IPHONE_IPAD = NO;
				SWIFT_EMIT_LOC_STRINGS = NO;
				SWIFT_VERSION = 5.0;
				TARGETED_DEVICE_FAMILY = "1,2";
				TEST_TARGET_NAME = Testbed;
			};
			name = Debug;
		};
		4537B75E28F54E1700F4C698 /* Release */ = {
			isa = XCBuildConfiguration;
			buildSettings = {
				ALWAYS_EMBED_SWIFT_STANDARD_LIBRARIES = YES;
				CODE_SIGN_STYLE = Automatic;
				CURRENT_PROJECT_VERSION = 1;
				GENERATE_INFOPLIST_FILE = YES;
				MARKETING_VERSION = 1.0;
				PRODUCT_BUNDLE_IDENTIFIER = org.company.TestbedUITests;
				PRODUCT_NAME = "$(TARGET_NAME)";
				SUPPORTED_PLATFORMS = "iphoneos iphonesimulator";
				SUPPORTS_MACCATALYST = NO;
				SUPPORTS_MAC_DESIGNED_FOR_IPHONE_IPAD = NO;
				SWIFT_EMIT_LOC_STRINGS = NO;
				SWIFT_VERSION = 5.0;
				TARGETED_DEVICE_FAMILY = "1,2";
				TEST_TARGET_NAME = Testbed;
			};
			name = Release;
		};
/* End XCBuildConfiguration section */

/* Begin XCConfigurationList section */
		4537B72D28F54E1600F4C698 /* Build configuration list for PBXProject "Testbed" */ = {
			isa = XCConfigurationList;
			buildConfigurations = (
				4537B75428F54E1700F4C698 /* Debug */,
				4537B75528F54E1700F4C698 /* Release */,
			);
			defaultConfigurationIsVisible = 0;
			defaultConfigurationName = Release;
		};
		4537B75628F54E1700F4C698 /* Build configuration list for PBXNativeTarget "Testbed" */ = {
			isa = XCConfigurationList;
			buildConfigurations = (
				4537B75728F54E1700F4C698 /* Debug */,
				4537B75828F54E1700F4C698 /* Release */,
			);
			defaultConfigurationIsVisible = 0;
			defaultConfigurationName = Release;
		};
		4537B75928F54E1700F4C698 /* Build configuration list for PBXNativeTarget "TestbedTests" */ = {
			isa = XCConfigurationList;
			buildConfigurations = (
				4537B75A28F54E1700F4C698 /* Debug */,
				4537B75B28F54E1700F4C698 /* Release */,
			);
			defaultConfigurationIsVisible = 0;
			defaultConfigurationName = Release;
		};
		4537B75C28F54E1700F4C698 /* Build configuration list for PBXNativeTarget "TestbedUITests" */ = {
			isa = XCConfigurationList;
			buildConfigurations = (
				4537B75D28F54E1700F4C698 /* Debug */,
				4537B75E28F54E1700F4C698 /* Release */,
			);
			defaultConfigurationIsVisible = 0;
			defaultConfigurationName = Release;
		};
/* End XCConfigurationList section */

/* Begin XCRemoteSwiftPackageReference section */
		4537B75F28F54FB800F4C698 /* XCRemoteSwiftPackageReference "SnapKit" */ = {
			isa = XCRemoteSwiftPackageReference;
			repositoryURL = "https://github.com/SnapKit/SnapKit.git";
			requirement = {
				kind = upToNextMajorVersion;
				minimumVersion = 5.0.0;
			};
		};
		4537B76228F54FD100F4C698 /* XCRemoteSwiftPackageReference "PanModal" */ = {
			isa = XCRemoteSwiftPackageReference;
			repositoryURL = "https://github.com/slackhq/PanModal.git";
			requirement = {
				kind = upToNextMajorVersion;
				minimumVersion = 1.0.0;
			};
		};
/* End XCRemoteSwiftPackageReference section */

/* Begin XCSwiftPackageProductDependency section */
		4537B76028F54FB800F4C698 /* SnapKit */ = {
			isa = XCSwiftPackageProductDependency;
			package = 4537B75F28F54FB800F4C698 /* XCRemoteSwiftPackageReference "SnapKit" */;
			productName = SnapKit;
		};
		4537B76328F54FD100F4C698 /* PanModal */ = {
			isa = XCSwiftPackageProductDependency;
			package = 4537B76228F54FD100F4C698 /* XCRemoteSwiftPackageReference "PanModal" */;
			productName = PanModal;
		};
		45EF6DDA28F57BCD00CD5456 /* MyLibrary */ = {
			isa = XCSwiftPackageProductDependency;
			productName = MyLibrary;
		};
/* End XCSwiftPackageProductDependency section */
	};
	rootObject = 4537B72A28F54E1600F4C698 /* Project object */;
}
